// !$*UTF8*$!
{
	archiveVersion = 1;
	classes = {
	};
	objectVersion = 50;
	objects = {

/* Begin PBXBuildFile section */
		66CC466C227049E7007906D5 /* AppDelegate.m in Sources */ = {isa = PBXBuildFile; fileRef = 66CC466B227049E7007906D5 /* AppDelegate.m */; };
		66CC466F227049E7007906D5 /* ViewController.m in Sources */ = {isa = PBXBuildFile; fileRef = 66CC466E227049E7007906D5 /* ViewController.m */; };
		66CC4672227049E7007906D5 /* Main.storyboard in Resources */ = {isa = PBXBuildFile; fileRef = 66CC4670227049E7007906D5 /* Main.storyboard */; };
		66CC4674227049E8007906D5 /* Assets.xcassets in Resources */ = {isa = PBXBuildFile; fileRef = 66CC4673227049E8007906D5 /* Assets.xcassets */; };
		66CC4677227049E8007906D5 /* LaunchScreen.storyboard in Resources */ = {isa = PBXBuildFile; fileRef = 66CC4675227049E8007906D5 /* LaunchScreen.storyboard */; };
		66CC467A227049E8007906D5 /* main.m in Sources */ = {isa = PBXBuildFile; fileRef = 66CC4679227049E8007906D5 /* main.m */; };
/* End PBXBuildFile section */

/* Begin PBXFileReference section */
		66CC4667227049E6007906D5 /* HW_7_Lemeshaev_Stanislav.app */ = {isa = PBXFileReference; explicitFileType = wrapper.application; includeInIndex = 0; path = HW_7_Lemeshaev_Stanislav.app; sourceTree = BUILT_PRODUCTS_DIR; };
		66CC466A227049E7007906D5 /* AppDelegate.h */ = {isa = PBXFileReference; lastKnownFileType = sourcecode.c.h; path = AppDelegate.h; sourceTree = "<group>"; };
		66CC466B227049E7007906D5 /* AppDelegate.m */ = {isa = PBXFileReference; lastKnownFileType = sourcecode.c.objc; path = AppDelegate.m; sourceTree = "<group>"; };
		66CC466D227049E7007906D5 /* ViewController.h */ = {isa = PBXFileReference; lastKnownFileType = sourcecode.c.h; path = ViewController.h; sourceTree = "<group>"; };
		66CC466E227049E7007906D5 /* ViewController.m */ = {isa = PBXFileReference; lastKnownFileType = sourcecode.c.objc; path = ViewController.m; sourceTree = "<group>"; };
		66CC4671227049E7007906D5 /* Base */ = {isa = PBXFileReference; lastKnownFileType = file.storyboard; name = Base; path = Base.lproj/Main.storyboard; sourceTree = "<group>"; };
		66CC4673227049E8007906D5 /* Assets.xcassets */ = {isa = PBXFileReference; lastKnownFileType = folder.assetcatalog; path = Assets.xcassets; sourceTree = "<group>"; };
		66CC4676227049E8007906D5 /* Base */ = {isa = PBXFileReference; lastKnownFileType = file.storyboard; name = Base; path = Base.lproj/LaunchScreen.storyboard; sourceTree = "<group>"; };
		66CC4678227049E8007906D5 /* Info.plist */ = {isa = PBXFileReference; lastKnownFileType = text.plist.xml; path = Info.plist; sourceTree = "<group>"; };
		66CC4679227049E8007906D5 /* main.m */ = {isa = PBXFileReference; lastKnownFileType = sourcecode.c.objc; path = main.m; sourceTree = "<group>"; };
/* End PBXFileReference section */

/* Begin PBXFrameworksBuildPhase section */
		66CC4664227049E6007906D5 /* Frameworks */ = {
			isa = PBXFrameworksBuildPhase;
			buildActionMask = 2147483647;
			files = (
			);
			runOnlyForDeploymentPostprocessing = 0;
		};
/* End PBXFrameworksBuildPhase section */

/* Begin PBXGroup section */
		66CC465E227049E6007906D5 = {
			isa = PBXGroup;
			children = (
				66CC4669227049E6007906D5 /* HW_7_Lemeshaev_Stanislav */,
				66CC4668227049E6007906D5 /* Products */,
			);
			sourceTree = "<group>";
		};
		66CC4668227049E6007906D5 /* Products */ = {
			isa = PBXGroup;
			children = (
				66CC4667227049E6007906D5 /* HW_7_Lemeshaev_Stanislav.app */,
			);
			name = Products;
			sourceTree = "<group>";
		};
		66CC4669227049E6007906D5 /* HW_7_Lemeshaev_Stanislav */ = {
			isa = PBXGroup;
			children = (
				66CC466A227049E7007906D5 /* AppDelegate.h */,
				66CC466B227049E7007906D5 /* AppDelegate.m */,
				66CC466D227049E7007906D5 /* ViewController.h */,
				66CC466E227049E7007906D5 /* ViewController.m */,
				66CC4670227049E7007906D5 /* Main.storyboard */,
				66CC4673227049E8007906D5 /* Assets.xcassets */,
				66CC4675227049E8007906D5 /* LaunchScreen.storyboard */,
				66CC4678227049E8007906D5 /* Info.plist */,
				66CC4679227049E8007906D5 /* main.m */,
			);
			path = HW_7_Lemeshaev_Stanislav;
			sourceTree = "<group>";
		};
/* End PBXGroup section */

/* Begin PBXNativeTarget section */
		66CC4666227049E6007906D5 /* HW_7_Lemeshaev_Stanislav */ = {
			isa = PBXNativeTarget;
			buildConfigurationList = 66CC467D227049E8007906D5 /* Build configuration list for PBXNativeTarget "HW_7_Lemeshaev_Stanislav" */;
			buildPhases = (
				66CC4663227049E6007906D5 /* Sources */,
				66CC4664227049E6007906D5 /* Frameworks */,
				66CC4665227049E6007906D5 /* Resources */,
			);
			buildRules = (
			);
			dependencies = (
			);
			name = HW_7_Lemeshaev_Stanislav;
			productName = HW_7_Lemeshaev_Stanislav;
			productReference = 66CC4667227049E6007906D5 /* HW_7_Lemeshaev_Stanislav.app */;
			productType = "com.apple.product-type.application";
		};
/* End PBXNativeTarget section */

/* Begin PBXProject section */
		66CC465F227049E6007906D5 /* Project object */ = {
			isa = PBXProject;
			attributes = {
				LastUpgradeCheck = 1020;
				ORGANIZATIONNAME = "Станислав Лемешаев";
				TargetAttributes = {
					66CC4666227049E6007906D5 = {
						CreatedOnToolsVersion = 10.2.1;
					};
				};
			};
			buildConfigurationList = 66CC4662227049E6007906D5 /* Build configuration list for PBXProject "HW_7_Lemeshaev_Stanislav" */;
			compatibilityVersion = "Xcode 9.3";
			developmentRegion = en;
			hasScannedForEncodings = 0;
			knownRegions = (
				en,
				Base,
			);
			mainGroup = 66CC465E227049E6007906D5;
			productRefGroup = 66CC4668227049E6007906D5 /* Products */;
			projectDirPath = "";
			projectRoot = "";
			targets = (
				66CC4666227049E6007906D5 /* HW_7_Lemeshaev_Stanislav */,
			);
		};
/* End PBXProject section */

/* Begin PBXResourcesBuildPhase section */
		66CC4665227049E6007906D5 /* Resources */ = {
			isa = PBXResourcesBuildPhase;
			buildActionMask = 2147483647;
			files = (
				66CC4677227049E8007906D5 /* LaunchScreen.storyboard in Resources */,
				66CC4674227049E8007906D5 /* Assets.xcassets in Resources */,
				66CC4672227049E7007906D5 /* Main.storyboard in Resources */,
			);
			runOnlyForDeploymentPostprocessing = 0;
		};
/* End PBXResourcesBuildPhase section */

/* Begin PBXSourcesBuildPhase section */
		66CC4663227049E6007906D5 /* Sources */ = {
			isa = PBXSourcesBuildPhase;
			buildActionMask = 2147483647;
			files = (
				66CC466F227049E7007906D5 /* ViewController.m in Sources */,
				66CC467A227049E8007906D5 /* main.m in Sources */,
				66CC466C227049E7007906D5 /* AppDelegate.m in Sources */,
			);
			runOnlyForDeploymentPostprocessing = 0;
		};
/* End PBXSourcesBuildPhase section */

/* Begin PBXVariantGroup section */
		66CC4670227049E7007906D5 /* Main.storyboard */ = {
			isa = PBXVariantGroup;
			children = (
				66CC4671227049E7007906D5 /* Base */,
			);
			name = Main.storyboard;
			sourceTree = "<group>";
		};
		66CC4675227049E8007906D5 /* LaunchScreen.storyboard */ = {
			isa = PBXVariantGroup;
			children = (
				66CC4676227049E8007906D5 /* Base */,
			);
			name = LaunchScreen.storyboard;
			sourceTree = "<group>";
		};
/* End PBXVariantGroup section */

/* Begin XCBuildConfiguration section */
		66CC467B227049E8007906D5 /* Debug */ = {
			isa = XCBuildConfiguration;
			buildSettings = {
				ALWAYS_SEARCH_USER_PATHS = NO;
				CLANG_ANALYZER_NONNULL = YES;
				CLANG_ANALYZER_NUMBER_OBJECT_CONVERSION = YES_AGGRESSIVE;
				CLANG_CXX_LANGUAGE_STANDARD = "gnu++14";
				CLANG_CXX_LIBRARY = "libc++";
				CLANG_ENABLE_MODULES = YES;
				CLANG_ENABLE_OBJC_ARC = YES;
				CLANG_ENABLE_OBJC_WEAK = YES;
				CLANG_WARN_BLOCK_CAPTURE_AUTORELEASING = YES;
				CLANG_WARN_BOOL_CONVERSION = YES;
				CLANG_WARN_COMMA = YES;
				CLANG_WARN_CONSTANT_CONVERSION = YES;
				CLANG_WARN_DEPRECATED_OBJC_IMPLEMENTATIONS = YES;
				CLANG_WARN_DIRECT_OBJC_ISA_USAGE = YES_ERROR;
				CLANG_WARN_DOCUMENTATION_COMMENTS = YES;
				CLANG_WARN_EMPTY_BODY = YES;
				CLANG_WARN_ENUM_CONVERSION = YES;
				CLANG_WARN_INFINITE_RECURSION = YES;
				CLANG_WARN_INT_CONVERSION = YES;
				CLANG_WARN_NON_LITERAL_NULL_CONVERSION = YES;
				CLANG_WARN_OBJC_IMPLICIT_RETAIN_SELF = YES;
				CLANG_WARN_OBJC_LITERAL_CONVERSION = YES;
				CLANG_WARN_OBJC_ROOT_CLASS = YES_ERROR;
				CLANG_WARN_RANGE_LOOP_ANALYSIS = YES;
				CLANG_WARN_STRICT_PROTOTYPES = YES;
				CLANG_WARN_SUSPICIOUS_MOVE = YES;
				CLANG_WARN_UNGUARDED_AVAILABILITY = YES_AGGRESSIVE;
				CLANG_WARN_UNREACHABLE_CODE = YES;
				CLANG_WARN__DUPLICATE_METHOD_MATCH = YES;
				CODE_SIGN_IDENTITY = "iPhone Developer";
				COPY_PHASE_STRIP = NO;
				DEBUG_INFORMATION_FORMAT = dwarf;
				ENABLE_STRICT_OBJC_MSGSEND = YES;
				ENABLE_TESTABILITY = YES;
				GCC_C_LANGUAGE_STANDARD = gnu11;
				GCC_DYNAMIC_NO_PIC = NO;
				GCC_NO_COMMON_BLOCKS = YES;
				GCC_OPTIMIZATION_LEVEL = 0;
				GCC_PREPROCESSOR_DEFINITIONS = (
					"DEBUG=1",
					"$(inherited)",
				);
				GCC_WARN_64_TO_32_BIT_CONVERSION = YES;
				GCC_WARN_ABOUT_RETURN_TYPE = YES_ERROR;
				GCC_WARN_UNDECLARED_SELECTOR = YES;
				GCC_WARN_UNINITIALIZED_AUTOS = YES_AGGRESSIVE;
				GCC_WARN_UNUSED_FUNCTION = YES;
				GCC_WARN_UNUSED_VARIABLE = YES;
				IPHONEOS_DEPLOYMENT_TARGET = 12.2;
				MTL_ENABLE_DEBUG_INFO = INCLUDE_SOURCE;
				MTL_FAST_MATH = YES;
				ONLY_ACTIVE_ARCH = YES;
				SDKROOT = iphoneos;
			};
			name = Debug;
		};
		66CC467C227049E8007906D5 /* Release */ = {
			isa = XCBuildConfiguration;
			buildSettings = {
				ALWAYS_SEARCH_USER_PATHS = NO;
				CLANG_ANALYZER_NONNULL = YES;
				CLANG_ANALYZER_NUMBER_OBJECT_CONVERSION = YES_AGGRESSIVE;
				CLANG_CXX_LANGUAGE_STANDARD = "gnu++14";
				CLANG_CXX_LIBRARY = "libc++";
				CLANG_ENABLE_MODULES = YES;
				CLANG_ENABLE_OBJC_ARC = YES;
				CLANG_ENABLE_OBJC_WEAK = YES;
				CLANG_WARN_BLOCK_CAPTURE_AUTORELEASING = YES;
				CLANG_WARN_BOOL_CONVERSION = YES;
				CLANG_WARN_COMMA = YES;
				CLANG_WARN_CONSTANT_CONVERSION = YES;
				CLANG_WARN_DEPRECATED_OBJC_IMPLEMENTATIONS = YES;
				CLANG_WARN_DIRECT_OBJC_ISA_USAGE = YES_ERROR;
				CLANG_WARN_DOCUMENTATION_COMMENTS = YES;
				CLANG_WARN_EMPTY_BODY = YES;
				CLANG_WARN_ENUM_CONVERSION = YES;
				CLANG_WARN_INFINITE_RECURSION = YES;
				CLANG_WARN_INT_CONVERSION = YES;
				CLANG_WARN_NON_LITERAL_NULL_CONVERSION = YES;
				CLANG_WARN_OBJC_IMPLICIT_RETAIN_SELF = YES;
				CLANG_WARN_OBJC_LITERAL_CONVERSION = YES;
				CLANG_WARN_OBJC_ROOT_CLASS = YES_ERROR;
				CLANG_WARN_RANGE_LOOP_ANALYSIS = YES;
				CLANG_WARN_STRICT_PROTOTYPES = YES;
				CLANG_WARN_SUSPICIOUS_MOVE = YES;
				CLANG_WARN_UNGUARDED_AVAILABILITY = YES_AGGRESSIVE;
				CLANG_WARN_UNREACHABLE_CODE = YES;
				CLANG_WARN__DUPLICATE_METHOD_MATCH = YES;
				CODE_SIGN_IDENTITY = "iPhone Developer";
				COPY_PHASE_STRIP = NO;
				DEBUG_INFORMATION_FORMAT = "dwarf-with-dsym";
				ENABLE_NS_ASSERTIONS = NO;
				ENABLE_STRICT_OBJC_MSGSEND = YES;
				GCC_C_LANGUAGE_STANDARD = gnu11;
				GCC_NO_COMMON_BLOCKS = YES;
				GCC_WARN_64_TO_32_BIT_CONVERSION = YES;
				GCC_WARN_ABOUT_RETURN_TYPE = YES_ERROR;
				GCC_WARN_UNDECLARED_SELECTOR = YES;
				GCC_WARN_UNINITIALIZED_AUTOS = YES_AGGRESSIVE;
				GCC_WARN_UNUSED_FUNCTION = YES;
				GCC_WARN_UNUSED_VARIABLE = YES;
				IPHONEOS_DEPLOYMENT_TARGET = 12.2;
				MTL_ENABLE_DEBUG_INFO = NO;
				MTL_FAST_MATH = YES;
				SDKROOT = iphoneos;
				VALIDATE_PRODUCT = YES;
			};
			name = Release;
		};
		66CC467E227049E8007906D5 /* Debug */ = {
			isa = XCBuildConfiguration;
			buildSettings = {
				ASSETCATALOG_COMPILER_APPICON_NAME = AppIcon;
				CODE_SIGN_STYLE = Automatic;
				INFOPLIST_FILE = HW_7_Lemeshaev_Stanislav/Info.plist;
				LD_RUNPATH_SEARCH_PATHS = (
					"$(inherited)",
					"@executable_path/Frameworks",
				);
				PRODUCT_BUNDLE_IDENTIFIER = "slemeshaev.HW-7-Lemeshaev-Stanislav";
				PRODUCT_NAME = "$(TARGET_NAME)";
				TARGETED_DEVICE_FAMILY = "1,2";
			};
			name = Debug;
		};
		66CC467F227049E8007906D5 /* Release */ = {
			isa = XCBuildConfiguration;
			buildSettings = {
				ASSETCATALOG_COMPILER_APPICON_NAME = AppIcon;
				CODE_SIGN_STYLE = Automatic;
				INFOPLIST_FILE = HW_7_Lemeshaev_Stanislav/Info.plist;
				LD_RUNPATH_SEARCH_PATHS = (
					"$(inherited)",
					"@executable_path/Frameworks",
				);
				PRODUCT_BUNDLE_IDENTIFIER = "slemeshaev.HW-7-Lemeshaev-Stanislav";
				PRODUCT_NAME = "$(TARGET_NAME)";
				TARGETED_DEVICE_FAMILY = "1,2";
			};
			name = Release;
		};
/* End XCBuildConfiguration section */

/* Begin XCConfigurationList section */
		66CC4662227049E6007906D5 /* Build configuration list for PBXProject "HW_7_Lemeshaev_Stanislav" */ = {
			isa = XCConfigurationList;
			buildConfigurations = (
				66CC467B227049E8007906D5 /* Debug */,
				66CC467C227049E8007906D5 /* Release */,
			);
			defaultConfigurationIsVisible = 0;
			defaultConfigurationName = Release;
		};
		66CC467D227049E8007906D5 /* Build configuration list for PBXNativeTarget "HW_7_Lemeshaev_Stanislav" */ = {
			isa = XCConfigurationList;
			buildConfigurations = (
				66CC467E227049E8007906D5 /* Debug */,
				66CC467F227049E8007906D5 /* Release */,
			);
			defaultConfigurationIsVisible = 0;
			defaultConfigurationName = Release;
		};
/* End XCConfigurationList section */
	};
	rootObject = 66CC465F227049E6007906D5 /* Project object */;
}
